// !$*UTF8*$!
{
	archiveVersion = 1;
	classes = {
	};
	objectVersion = 56;
	objects = {

/* Begin PBXBuildFile section */
		53B951502930BCFC00FCD919 /* WeatherManager.swift in Sources */ = {isa = PBXBuildFile; fileRef = 53B9514F2930BCFC00FCD919 /* WeatherManager.swift */; };
		53B951522930BD0400FCD919 /* WeatherData.swift in Sources */ = {isa = PBXBuildFile; fileRef = 53B951512930BD0400FCD919 /* WeatherData.swift */; };
		53B951542930BD0F00FCD919 /* WeatherModel.swift in Sources */ = {isa = PBXBuildFile; fileRef = 53B951532930BD0F00FCD919 /* WeatherModel.swift */; };
		53FB3837292FFA78004D3EE1 /* AppDelegate.swift in Sources */ = {isa = PBXBuildFile; fileRef = 53FB3836292FFA78004D3EE1 /* AppDelegate.swift */; };
		53FB3839292FFA78004D3EE1 /* SceneDelegate.swift in Sources */ = {isa = PBXBuildFile; fileRef = 53FB3838292FFA78004D3EE1 /* SceneDelegate.swift */; };
		53FB383B292FFA78004D3EE1 /* WeatherViewController.swift in Sources */ = {isa = PBXBuildFile; fileRef = 53FB383A292FFA78004D3EE1 /* WeatherViewController.swift */; };
		53FB383E292FFA78004D3EE1 /* Main.storyboard in Resources */ = {isa = PBXBuildFile; fileRef = 53FB383C292FFA78004D3EE1 /* Main.storyboard */; };
		53FB3840292FFA79004D3EE1 /* Assets.xcassets in Resources */ = {isa = PBXBuildFile; fileRef = 53FB383F292FFA79004D3EE1 /* Assets.xcassets */; };
		53FB3843292FFA79004D3EE1 /* LaunchScreen.storyboard in Resources */ = {isa = PBXBuildFile; fileRef = 53FB3841292FFA79004D3EE1 /* LaunchScreen.storyboard */; };
		53FB384B292FFA8E004D3EE1 /* Model.swift in Sources */ = {isa = PBXBuildFile; fileRef = 53FB384A292FFA8E004D3EE1 /* Model.swift */; };
		53FB384E292FFAAF004D3EE1 /* Alamofire in Frameworks */ = {isa = PBXBuildFile; productRef = 53FB384D292FFAAF004D3EE1 /* Alamofire */; };
		53FB38512930018F004D3EE1 /* LaunchScreen.storyboard in Resources */ = {isa = PBXBuildFile; fileRef = 53FB38502930018F004D3EE1 /* LaunchScreen.storyboard */; };
		53FB3854293001C0004D3EE1 /* TableViewCell.swift in Sources */ = {isa = PBXBuildFile; fileRef = 53FB3852293001C0004D3EE1 /* TableViewCell.swift */; };
		53FB3855293001C0004D3EE1 /* TableViewCell.xib in Resources */ = {isa = PBXBuildFile; fileRef = 53FB3853293001C0004D3EE1 /* TableViewCell.xib */; };
		53FB385A293001F6004D3EE1 /* CollectionViewCell.swift in Sources */ = {isa = PBXBuildFile; fileRef = 53FB3858293001F6004D3EE1 /* CollectionViewCell.swift */; };
		53FB385B293001F6004D3EE1 /* CollectionViewCell.xib in Resources */ = {isa = PBXBuildFile; fileRef = 53FB3859293001F6004D3EE1 /* CollectionViewCell.xib */; };
/* End PBXBuildFile section */

/* Begin PBXFileReference section */
		53B9514F2930BCFC00FCD919 /* WeatherManager.swift */ = {isa = PBXFileReference; lastKnownFileType = sourcecode.swift; path = WeatherManager.swift; sourceTree = "<group>"; };
		53B951512930BD0400FCD919 /* WeatherData.swift */ = {isa = PBXFileReference; lastKnownFileType = sourcecode.swift; path = WeatherData.swift; sourceTree = "<group>"; };
		53B951532930BD0F00FCD919 /* WeatherModel.swift */ = {isa = PBXFileReference; lastKnownFileType = sourcecode.swift; path = WeatherModel.swift; sourceTree = "<group>"; };
		53FB3833292FFA78004D3EE1 /* WeatherApp (MVC).app */ = {isa = PBXFileReference; explicitFileType = wrapper.application; includeInIndex = 0; path = "WeatherApp (MVC).app"; sourceTree = BUILT_PRODUCTS_DIR; };
		53FB3836292FFA78004D3EE1 /* AppDelegate.swift */ = {isa = PBXFileReference; lastKnownFileType = sourcecode.swift; path = AppDelegate.swift; sourceTree = "<group>"; };
		53FB3838292FFA78004D3EE1 /* SceneDelegate.swift */ = {isa = PBXFileReference; lastKnownFileType = sourcecode.swift; path = SceneDelegate.swift; sourceTree = "<group>"; };
		53FB383A292FFA78004D3EE1 /* WeatherViewController.swift */ = {isa = PBXFileReference; lastKnownFileType = sourcecode.swift; path = WeatherViewController.swift; sourceTree = "<group>"; };
		53FB383D292FFA78004D3EE1 /* Base */ = {isa = PBXFileReference; lastKnownFileType = file.storyboard; name = Base; path = Base.lproj/Main.storyboard; sourceTree = "<group>"; };
		53FB383F292FFA79004D3EE1 /* Assets.xcassets */ = {isa = PBXFileReference; lastKnownFileType = folder.assetcatalog; path = Assets.xcassets; sourceTree = "<group>"; };
		53FB3842292FFA79004D3EE1 /* Base */ = {isa = PBXFileReference; lastKnownFileType = file.storyboard; name = Base; path = Base.lproj/LaunchScreen.storyboard; sourceTree = "<group>"; };
		53FB3844292FFA79004D3EE1 /* Info.plist */ = {isa = PBXFileReference; lastKnownFileType = text.plist.xml; path = Info.plist; sourceTree = "<group>"; };
		53FB384A292FFA8E004D3EE1 /* Model.swift */ = {isa = PBXFileReference; lastKnownFileType = sourcecode.swift; path = Model.swift; sourceTree = "<group>"; };
		53FB38502930018F004D3EE1 /* LaunchScreen.storyboard */ = {isa = PBXFileReference; lastKnownFileType = file.storyboard; path = LaunchScreen.storyboard; sourceTree = "<group>"; };
		53FB3852293001C0004D3EE1 /* TableViewCell.swift */ = {isa = PBXFileReference; lastKnownFileType = sourcecode.swift; path = TableViewCell.swift; sourceTree = "<group>"; };
		53FB3853293001C0004D3EE1 /* TableViewCell.xib */ = {isa = PBXFileReference; lastKnownFileType = file.xib; path = TableViewCell.xib; sourceTree = "<group>"; };
		53FB3858293001F6004D3EE1 /* CollectionViewCell.swift */ = {isa = PBXFileReference; lastKnownFileType = sourcecode.swift; path = CollectionViewCell.swift; sourceTree = "<group>"; };
		53FB3859293001F6004D3EE1 /* CollectionViewCell.xib */ = {isa = PBXFileReference; lastKnownFileType = file.xib; path = CollectionViewCell.xib; sourceTree = "<group>"; };
/* End PBXFileReference section */

/* Begin PBXFrameworksBuildPhase section */
		53FB3830292FFA78004D3EE1 /* Frameworks */ = {
			isa = PBXFrameworksBuildPhase;
			buildActionMask = 2147483647;
			files = (
				53FB384E292FFAAF004D3EE1 /* Alamofire in Frameworks */,
			);
			runOnlyForDeploymentPostprocessing = 0;
		};
/* End PBXFrameworksBuildPhase section */

/* Begin PBXGroup section */
		53B9514E2930BCDC00FCD919 /* Model */ = {
			isa = PBXGroup;
			children = (
				53B9514F2930BCFC00FCD919 /* WeatherManager.swift */,
				53B951512930BD0400FCD919 /* WeatherData.swift */,
				53B951532930BD0F00FCD919 /* WeatherModel.swift */,
			);
			path = Model;
			sourceTree = "<group>";
		};
		53B951552930BD1B00FCD919 /* Controller */ = {
			isa = PBXGroup;
			children = (
				53FB383A292FFA78004D3EE1 /* WeatherViewController.swift */,
				53FB3852293001C0004D3EE1 /* TableViewCell.swift */,
				53FB3858293001F6004D3EE1 /* CollectionViewCell.swift */,
			);
			path = Controller;
			sourceTree = "<group>";
		};
		53FB382A292FFA78004D3EE1 = {
			isa = PBXGroup;
			children = (
				53FB3835292FFA78004D3EE1 /* WeatherApp (MVC) */,
				53FB3834292FFA78004D3EE1 /* Products */,
			);
			sourceTree = "<group>";
		};
		53FB3834292FFA78004D3EE1 /* Products */ = {
			isa = PBXGroup;
			children = (
				53FB3833292FFA78004D3EE1 /* WeatherApp (MVC).app */,
			);
			name = Products;
			sourceTree = "<group>";
		};
		53FB3835292FFA78004D3EE1 /* WeatherApp (MVC) */ = {
			isa = PBXGroup;
			children = (
				53B9514E2930BCDC00FCD919 /* Model */,
				53FB384F29300173004D3EE1 /* View */,
				53B951552930BD1B00FCD919 /* Controller */,
				53FB3836292FFA78004D3EE1 /* AppDelegate.swift */,
				53FB3838292FFA78004D3EE1 /* SceneDelegate.swift */,
				53FB383F292FFA79004D3EE1 /* Assets.xcassets */,
				53FB3841292FFA79004D3EE1 /* LaunchScreen.storyboard */,
				53FB3844292FFA79004D3EE1 /* Info.plist */,
				53FB384A292FFA8E004D3EE1 /* Model.swift */,
			);
			path = "WeatherApp (MVC)";
			sourceTree = "<group>";
		};
		53FB384F29300173004D3EE1 /* View */ = {
			isa = PBXGroup;
			children = (
				53FB383C292FFA78004D3EE1 /* Main.storyboard */,
				53FB3853293001C0004D3EE1 /* TableViewCell.xib */,
				53FB3859293001F6004D3EE1 /* CollectionViewCell.xib */,
				53FB38502930018F004D3EE1 /* LaunchScreen.storyboard */,
			);
			path = View;
			sourceTree = "<group>";
		};
/* End PBXGroup section */

/* Begin PBXNativeTarget section */
		53FB3832292FFA78004D3EE1 /* WeatherApp (MVC) */ = {
			isa = PBXNativeTarget;
			buildConfigurationList = 53FB3847292FFA79004D3EE1 /* Build configuration list for PBXNativeTarget "WeatherApp (MVC)" */;
			buildPhases = (
				53FB382F292FFA78004D3EE1 /* Sources */,
				53FB3830292FFA78004D3EE1 /* Frameworks */,
				53FB3831292FFA78004D3EE1 /* Resources */,
			);
			buildRules = (
			);
			dependencies = (
			);
			name = "WeatherApp (MVC)";
			packageProductDependencies = (
				53FB384D292FFAAF004D3EE1 /* Alamofire */,
			);
			productName = "WeatherApp (MVC)";
			productReference = 53FB3833292FFA78004D3EE1 /* WeatherApp (MVC).app */;
			productType = "com.apple.product-type.application";
		};
/* End PBXNativeTarget section */

/* Begin PBXProject section */
		53FB382B292FFA78004D3EE1 /* Project object */ = {
			isa = PBXProject;
			attributes = {
				BuildIndependentTargetsInParallel = 1;
				LastSwiftUpdateCheck = 1400;
				LastUpgradeCheck = 1400;
				TargetAttributes = {
					53FB3832292FFA78004D3EE1 = {
						CreatedOnToolsVersion = 14.0.1;
					};
				};
			};
			buildConfigurationList = 53FB382E292FFA78004D3EE1 /* Build configuration list for PBXProject "WeatherApp (MVC)" */;
			compatibilityVersion = "Xcode 14.0";
			developmentRegion = en;
			hasScannedForEncodings = 0;
			knownRegions = (
				en,
				Base,
			);
			mainGroup = 53FB382A292FFA78004D3EE1;
			packageReferences = (
				53FB384C292FFAAF004D3EE1 /* XCRemoteSwiftPackageReference "Alamofire" */,
			);
			productRefGroup = 53FB3834292FFA78004D3EE1 /* Products */;
			projectDirPath = "";
			projectRoot = "";
			targets = (
				53FB3832292FFA78004D3EE1 /* WeatherApp (MVC) */,
			);
		};
/* End PBXProject section */

/* Begin PBXResourcesBuildPhase section */
		53FB3831292FFA78004D3EE1 /* Resources */ = {
			isa = PBXResourcesBuildPhase;
			buildActionMask = 2147483647;
			files = (
				53FB3843292FFA79004D3EE1 /* LaunchScreen.storyboard in Resources */,
				53FB3855293001C0004D3EE1 /* TableViewCell.xib in Resources */,
				53FB385B293001F6004D3EE1 /* CollectionViewCell.xib in Resources */,
				53FB38512930018F004D3EE1 /* LaunchScreen.storyboard in Resources */,
				53FB3840292FFA79004D3EE1 /* Assets.xcassets in Resources */,
				53FB383E292FFA78004D3EE1 /* Main.storyboard in Resources */,
			);
			runOnlyForDeploymentPostprocessing = 0;
		};
/* End PBXResourcesBuildPhase section */

/* Begin PBXSourcesBuildPhase section */
		53FB382F292FFA78004D3EE1 /* Sources */ = {
			isa = PBXSourcesBuildPhase;
			buildActionMask = 2147483647;
			files = (
				53FB3854293001C0004D3EE1 /* TableViewCell.swift in Sources */,
				53FB383B292FFA78004D3EE1 /* WeatherViewController.swift in Sources */,
				53FB385A293001F6004D3EE1 /* CollectionViewCell.swift in Sources */,
				53B951502930BCFC00FCD919 /* WeatherManager.swift in Sources */,
				53B951542930BD0F00FCD919 /* WeatherModel.swift in Sources */,
				53FB3837292FFA78004D3EE1 /* AppDelegate.swift in Sources */,
				53FB3839292FFA78004D3EE1 /* SceneDelegate.swift in Sources */,
				53B951522930BD0400FCD919 /* WeatherData.swift in Sources */,
				53FB384B292FFA8E004D3EE1 /* Model.swift in Sources */,
			);
			runOnlyForDeploymentPostprocessing = 0;
		};
/* End PBXSourcesBuildPhase section */

/* Begin PBXVariantGroup section */
		53FB383C292FFA78004D3EE1 /* Main.storyboard */ = {
			isa = PBXVariantGroup;
			children = (
				53FB383D292FFA78004D3EE1 /* Base */,
			);
			name = Main.storyboard;
			sourceTree = "<group>";
		};
		53FB3841292FFA79004D3EE1 /* LaunchScreen.storyboard */ = {
			isa = PBXVariantGroup;
			children = (
				53FB3842292FFA79004D3EE1 /* Base */,
			);
			name = LaunchScreen.storyboard;
			sourceTree = "<group>";
		};
/* End PBXVariantGroup section */

/* Begin XCBuildConfiguration section */
		53FB3845292FFA79004D3EE1 /* Debug */ = {
			isa = XCBuildConfiguration;
			buildSettings = {
				ALWAYS_SEARCH_USER_PATHS = NO;
				CLANG_ANALYZER_NONNULL = YES;
				CLANG_ANALYZER_NUMBER_OBJECT_CONVERSION = YES_AGGRESSIVE;
				CLANG_CXX_LANGUAGE_STANDARD = "gnu++20";
				CLANG_ENABLE_MODULES = YES;
				CLANG_ENABLE_OBJC_ARC = YES;
				CLANG_ENABLE_OBJC_WEAK = YES;
				CLANG_WARN_BLOCK_CAPTURE_AUTORELEASING = YES;
				CLANG_WARN_BOOL_CONVERSION = YES;
				CLANG_WARN_COMMA = YES;
				CLANG_WARN_CONSTANT_CONVERSION = YES;
				CLANG_WARN_DEPRECATED_OBJC_IMPLEMENTATIONS = YES;
				CLANG_WARN_DIRECT_OBJC_ISA_USAGE = YES_ERROR;
				CLANG_WARN_DOCUMENTATION_COMMENTS = YES;
				CLANG_WARN_EMPTY_BODY = YES;
				CLANG_WARN_ENUM_CONVERSION = YES;
				CLANG_WARN_INFINITE_RECURSION = YES;
				CLANG_WARN_INT_CONVERSION = YES;
				CLANG_WARN_NON_LITERAL_NULL_CONVERSION = YES;
				CLANG_WARN_OBJC_IMPLICIT_RETAIN_SELF = YES;
				CLANG_WARN_OBJC_LITERAL_CONVERSION = YES;
				CLANG_WARN_OBJC_ROOT_CLASS = YES_ERROR;
				CLANG_WARN_QUOTED_INCLUDE_IN_FRAMEWORK_HEADER = YES;
				CLANG_WARN_RANGE_LOOP_ANALYSIS = YES;
				CLANG_WARN_STRICT_PROTOTYPES = YES;
				CLANG_WARN_SUSPICIOUS_MOVE = YES;
				CLANG_WARN_UNGUARDED_AVAILABILITY = YES_AGGRESSIVE;
				CLANG_WARN_UNREACHABLE_CODE = YES;
				CLANG_WARN__DUPLICATE_METHOD_MATCH = YES;
				COPY_PHASE_STRIP = NO;
				DEBUG_INFORMATION_FORMAT = dwarf;
				ENABLE_STRICT_OBJC_MSGSEND = YES;
				ENABLE_TESTABILITY = YES;
				GCC_C_LANGUAGE_STANDARD = gnu11;
				GCC_DYNAMIC_NO_PIC = NO;
				GCC_NO_COMMON_BLOCKS = YES;
				GCC_OPTIMIZATION_LEVEL = 0;
				GCC_PREPROCESSOR_DEFINITIONS = (
					"DEBUG=1",
					"$(inherited)",
				);
				GCC_WARN_64_TO_32_BIT_CONVERSION = YES;
				GCC_WARN_ABOUT_RETURN_TYPE = YES_ERROR;
				GCC_WARN_UNDECLARED_SELECTOR = YES;
				GCC_WARN_UNINITIALIZED_AUTOS = YES_AGGRESSIVE;
				GCC_WARN_UNUSED_FUNCTION = YES;
				GCC_WARN_UNUSED_VARIABLE = YES;
				IPHONEOS_DEPLOYMENT_TARGET = 16.0;
				MTL_ENABLE_DEBUG_INFO = INCLUDE_SOURCE;
				MTL_FAST_MATH = YES;
				ONLY_ACTIVE_ARCH = YES;
				SDKROOT = iphoneos;
				SWIFT_ACTIVE_COMPILATION_CONDITIONS = DEBUG;
				SWIFT_OPTIMIZATION_LEVEL = "-Onone";
			};
			name = Debug;
		};
		53FB3846292FFA79004D3EE1 /* Release */ = {
			isa = XCBuildConfiguration;
			buildSettings = {
				ALWAYS_SEARCH_USER_PATHS = NO;
				CLANG_ANALYZER_NONNULL = YES;
				CLANG_ANALYZER_NUMBER_OBJECT_CONVERSION = YES_AGGRESSIVE;
				CLANG_CXX_LANGUAGE_STANDARD = "gnu++20";
				CLANG_ENABLE_MODULES = YES;
				CLANG_ENABLE_OBJC_ARC = YES;
				CLANG_ENABLE_OBJC_WEAK = YES;
				CLANG_WARN_BLOCK_CAPTURE_AUTORELEASING = YES;
				CLANG_WARN_BOOL_CONVERSION = YES;
				CLANG_WARN_COMMA = YES;
				CLANG_WARN_CONSTANT_CONVERSION = YES;
				CLANG_WARN_DEPRECATED_OBJC_IMPLEMENTATIONS = YES;
				CLANG_WARN_DIRECT_OBJC_ISA_USAGE = YES_ERROR;
				CLANG_WARN_DOCUMENTATION_COMMENTS = YES;
				CLANG_WARN_EMPTY_BODY = YES;
				CLANG_WARN_ENUM_CONVERSION = YES;
				CLANG_WARN_INFINITE_RECURSION = YES;
				CLANG_WARN_INT_CONVERSION = YES;
				CLANG_WARN_NON_LITERAL_NULL_CONVERSION = YES;
				CLANG_WARN_OBJC_IMPLICIT_RETAIN_SELF = YES;
				CLANG_WARN_OBJC_LITERAL_CONVERSION = YES;
				CLANG_WARN_OBJC_ROOT_CLASS = YES_ERROR;
				CLANG_WARN_QUOTED_INCLUDE_IN_FRAMEWORK_HEADER = YES;
				CLANG_WARN_RANGE_LOOP_ANALYSIS = YES;
				CLANG_WARN_STRICT_PROTOTYPES = YES;
				CLANG_WARN_SUSPICIOUS_MOVE = YES;
				CLANG_WARN_UNGUARDED_AVAILABILITY = YES_AGGRESSIVE;
				CLANG_WARN_UNREACHABLE_CODE = YES;
				CLANG_WARN__DUPLICATE_METHOD_MATCH = YES;
				COPY_PHASE_STRIP = NO;
				DEBUG_INFORMATION_FORMAT = "dwarf-with-dsym";
				ENABLE_NS_ASSERTIONS = NO;
				ENABLE_STRICT_OBJC_MSGSEND = YES;
				GCC_C_LANGUAGE_STANDARD = gnu11;
				GCC_NO_COMMON_BLOCKS = YES;
				GCC_WARN_64_TO_32_BIT_CONVERSION = YES;
				GCC_WARN_ABOUT_RETURN_TYPE = YES_ERROR;
				GCC_WARN_UNDECLARED_SELECTOR = YES;
				GCC_WARN_UNINITIALIZED_AUTOS = YES_AGGRESSIVE;
				GCC_WARN_UNUSED_FUNCTION = YES;
				GCC_WARN_UNUSED_VARIABLE = YES;
				IPHONEOS_DEPLOYMENT_TARGET = 16.0;
				MTL_ENABLE_DEBUG_INFO = NO;
				MTL_FAST_MATH = YES;
				SDKROOT = iphoneos;
				SWIFT_COMPILATION_MODE = wholemodule;
				SWIFT_OPTIMIZATION_LEVEL = "-O";
				VALIDATE_PRODUCT = YES;
			};
			name = Release;
		};
		53FB3848292FFA79004D3EE1 /* Debug */ = {
			isa = XCBuildConfiguration;
			buildSettings = {
				ASSETCATALOG_COMPILER_APPICON_NAME = AppIcon;
				ASSETCATALOG_COMPILER_GLOBAL_ACCENT_COLOR_NAME = AccentColor;
				CODE_SIGN_STYLE = Automatic;
				CURRENT_PROJECT_VERSION = 1;
				DEVELOPMENT_TEAM = CX96D33NW5;
				GENERATE_INFOPLIST_FILE = YES;
				INFOPLIST_FILE = "WeatherApp (MVC)/Info.plist";
				INFOPLIST_KEY_UIApplicationSupportsIndirectInputEvents = YES;
				INFOPLIST_KEY_UILaunchStoryboardName = LaunchScreen;
				INFOPLIST_KEY_UIMainStoryboardFile = Main;
				INFOPLIST_KEY_UISupportedInterfaceOrientations_iPad = "UIInterfaceOrientationPortrait UIInterfaceOrientationPortraitUpsideDown UIInterfaceOrientationLandscapeLeft UIInterfaceOrientationLandscapeRight";
				INFOPLIST_KEY_UISupportedInterfaceOrientations_iPhone = "UIInterfaceOrientationPortrait UIInterfaceOrientationLandscapeLeft UIInterfaceOrientationLandscapeRight";
				LD_RUNPATH_SEARCH_PATHS = (
					"$(inherited)",
					"@executable_path/Frameworks",
				);
				MARKETING_VERSION = 1.0;
				PRODUCT_BUNDLE_IDENTIFIER = "com.huseyinhobek.WeatherApp--MVC-";
				PRODUCT_NAME = "$(TARGET_NAME)";
				SWIFT_EMIT_LOC_STRINGS = YES;
				SWIFT_VERSION = 5.0;
				TARGETED_DEVICE_FAMILY = "1,2";
			};
			name = Debug;
		};
		53FB3849292FFA79004D3EE1 /* Release */ = {
			isa = XCBuildConfiguration;
			buildSettings = {
				ASSETCATALOG_COMPILER_APPICON_NAME = AppIcon;
				ASSETCATALOG_COMPILER_GLOBAL_ACCENT_COLOR_NAME = AccentColor;
				CODE_SIGN_STYLE = Automatic;
				CURRENT_PROJECT_VERSION = 1;
				DEVELOPMENT_TEAM = CX96D33NW5;
				GENERATE_INFOPLIST_FILE = YES;
				INFOPLIST_FILE = "WeatherApp (MVC)/Info.plist";
				INFOPLIST_KEY_UIApplicationSupportsIndirectInputEvents = YES;
				INFOPLIST_KEY_UILaunchStoryboardName = LaunchScreen;
				INFOPLIST_KEY_UIMainStoryboardFile = Main;
				INFOPLIST_KEY_UISupportedInterfaceOrientations_iPad = "UIInterfaceOrientationPortrait UIInterfaceOrientationPortraitUpsideDown UIInterfaceOrientationLandscapeLeft UIInterfaceOrientationLandscapeRight";
				INFOPLIST_KEY_UISupportedInterfaceOrientations_iPhone = "UIInterfaceOrientationPortrait UIInterfaceOrientationLandscapeLeft UIInterfaceOrientationLandscapeRight";
				LD_RUNPATH_SEARCH_PATHS = (
					"$(inherited)",
					"@executable_path/Frameworks",
				);
				MARKETING_VERSION = 1.0;
				PRODUCT_BUNDLE_IDENTIFIER = "com.huseyinhobek.WeatherApp--MVC-";
				PRODUCT_NAME = "$(TARGET_NAME)";
				SWIFT_EMIT_LOC_STRINGS = YES;
				SWIFT_VERSION = 5.0;
				TARGETED_DEVICE_FAMILY = "1,2";
			};
			name = Release;
		};
/* End XCBuildConfiguration section */

/* Begin XCConfigurationList section */
		53FB382E292FFA78004D3EE1 /* Build configuration list for PBXProject "WeatherApp (MVC)" */ = {
			isa = XCConfigurationList;
			buildConfigurations = (
				53FB3845292FFA79004D3EE1 /* Debug */,
				53FB3846292FFA79004D3EE1 /* Release */,
			);
			defaultConfigurationIsVisible = 0;
			defaultConfigurationName = Release;
		};
		53FB3847292FFA79004D3EE1 /* Build configuration list for PBXNativeTarget "WeatherApp (MVC)" */ = {
			isa = XCConfigurationList;
			buildConfigurations = (
				53FB3848292FFA79004D3EE1 /* Debug */,
				53FB3849292FFA79004D3EE1 /* Release */,
			);
			defaultConfigurationIsVisible = 0;
			defaultConfigurationName = Release;
		};
/* End XCConfigurationList section */

/* Begin XCRemoteSwiftPackageReference section */
		53FB384C292FFAAF004D3EE1 /* XCRemoteSwiftPackageReference "Alamofire" */ = {
			isa = XCRemoteSwiftPackageReference;
			repositoryURL = "https://github.com/Alamofire/Alamofire";
			requirement = {
				branch = master;
				kind = branch;
			};
		};
/* End XCRemoteSwiftPackageReference section */

/* Begin XCSwiftPackageProductDependency section */
		53FB384D292FFAAF004D3EE1 /* Alamofire */ = {
			isa = XCSwiftPackageProductDependency;
			package = 53FB384C292FFAAF004D3EE1 /* XCRemoteSwiftPackageReference "Alamofire" */;
			productName = Alamofire;
		};
/* End XCSwiftPackageProductDependency section */
	};
	rootObject = 53FB382B292FFA78004D3EE1 /* Project object */;
}
